
Microsoft Visual Studio Solution File, Format Version 12.00
# Visual Studio 15
VisualStudioVersion = 15.0.28307.1340
MinimumVisualStudioVersion = 10.0.40219.1
Project("{8BC9CEB8-8B4A-11D0-8D11-00A0C91BC942}") = "TF_Inference_DLL", "TF_Inference_DLL\TF_Inference_DLL.vcxproj", "{C8140270-FFDB-4D19-8FA3-BF125A1AFF9C}"
EndProject
Global
	GlobalSection(SolutionConfigurationPlatforms) = preSolution
		Debug|x64 = Debug|x64
		Debug|x86 = Debug|x86
		Release|x64 = Release|x64
		Release|x86 = Release|x86
	EndGlobalSection
	GlobalSection(ProjectConfigurationPlatforms) = postSolution
		{C8140270-FFDB-4D19-8FA3-BF125A1AFF9C}.Debug|x64.ActiveCfg = Debug|x64
		{C8140270-FFDB-4D19-8FA3-BF125A1AFF9C}.Debug|x64.Build.0 = Debug|x64
		{C8140270-FFDB-4D19-8FA3-BF125A1AFF9C}.Debug|x86.ActiveCfg = Debug|Win32
		{C8140270-FFDB-4D19-8FA3-BF125A1AFF9C}.Debug|x86.Build.0 = Debug|Win32
		{C8140270-FFDB-4D19-8FA3-BF125A1AFF9C}.Release|x64.ActiveCfg = Release|x64
		{C8140270-FFDB-4D19-8FA3-BF125A1AFF9C}.Release|x64.Build.0 = Release|x64
		{C8140270-FFDB-4D19-8FA3-BF125A1AFF9C}.Release|x86.ActiveCfg = Release|Win32
		{C8140270-FFDB-4D19-8FA3-BF125A1AFF9C}.Release|x86.Build.0 = Release|Win32
	EndGlobalSection
	GlobalSection(SolutionProperties) = preSolution
		HideSolutionNode = FALSE
	EndGlobalSection
	GlobalSection(ExtensibilityGlobals) = postSolution
		SolutionGuid = {3FEF18F5-B4BB-40B0-97AC-389D4D18BF8F}
	EndGlobalSection
EndGlobal
